
Microsoft Visual Studio Solution File, Format Version 12.00
# Visual Studio Version 17
VisualStudioVersion = 17.13.35818.85 d17.13
MinimumVisualStudioVersion = 10.0.40219.1
Project("{FAE04EC0-301F-11D3-BF4B-00C04F79EFBC}") = "TestWebApp", "TestWebApp\TestWebApp.csproj", "{DB287A4D-AE47-4877-8FDC-A9B1369ACF24}"
EndProject
Global
	GlobalSection(SolutionConfigurationPlatforms) = preSolution
		Debug|Any CPU = Debug|Any CPU
		Release|Any CPU = Release|Any CPU
	EndGlobalSection
	GlobalSection(ProjectConfigurationPlatforms) = postSolution
		{DB287A4D-AE47-4877-8FDC-A9B1369ACF24}.Debug|Any CPU.ActiveCfg = Debug|Any CPU
		{DB287A4D-AE47-4877-8FDC-A9B1369ACF24}.Debug|Any CPU.Build.0 = Debug|Any CPU
		{DB287A4D-AE47-4877-8FDC-A9B1369ACF24}.Release|Any CPU.ActiveCfg = Release|Any CPU
		{DB287A4D-AE47-4877-8FDC-A9B1369ACF24}.Release|Any CPU.Build.0 = Release|Any CPU
	EndGlobalSection
	GlobalSection(SolutionProperties) = preSolution
		HideSolutionNode = FALSE
	EndGlobalSection
	GlobalSection(ExtensibilityGlobals) = postSolution
		SolutionGuid = {BE24A556-9912-49DB-8602-26BDA1550790}
	EndGlobalSection
EndGlobal
